PODS:
  - Flutter (1.0.0)
  - luavm (0.1.0):
    - Flutter

DEPENDENCIES:
  - Flutter (from `Flutter`)
  - luavm (from `.symlinks/plugins/luavm/ios`)

EXTERNAL SOURCES:
  Flutter:
    :path: Flutter
  luavm:
    :path: ".symlinks/plugins/luavm/ios"

SPEC CHECKSUMS:
  Flutter: 0e3d915762c693b495b44d77113d4970485de6ec
  luavm: ef4ee705f847dd8f63aff329f814810d5ec51cfb

PODFILE CHECKSUM: f32fb4e7c14f8b3ca19a369d7be425dd9241af27

COCOAPODS: 1.8.4
